github.com/google/go-cmp v0.2.0/go.mod h1:oXzfMopK8JAjlY9xF4vHSVASa0yLyX7SntLO5aqRK0M=
github.com/google/wire v0.2.0 h1:l8O+yxT6Kx49nR2KzotgPOQpHFcIvpDY0rGzlCZ1wIE=
github.com/google/wire v0.2.0/go.mod h1:ptBl5bWD3nzmJHVNwYHV3v4wdtKzBMlU2YbtKQCG9GI=
github.com/pili-engineering/pili-sdk-go.v2 v0.0.0-20170228131441-ff137c2c611d h1:+chbhrdHozEzVHq4baBzwfhVX0U3/SxdMIkPrjPsxF4=
github.com/pili-engineering/pili-sdk-go.v2 v0.0.0-20170228131441-ff137c2c611d/go.mod h1:dkjA/6/FNy5PxACviYsU/HslLq9F04xyHKLZLBtsOqs=
github.com/pmezard/go-difflib v1.0.0/go.mod h1:iKH77koFhYxTK1pcRnkKkqfTogsbg7gZNVY4sRDYZ/4=
github.com/qiniu/api.v7 v7.2.5+incompatible h1:6KKaGt7MbFzVGSniwzv7qsM/Qv0or4SkRJfmak8LqZE=
github.com/qiniu/api.v7 v7.2.5+incompatible/go.mod h1:V8/EzlTgLN6q0s0CJmg/I81ytsvldSF22F7h6MI02+c=
github.com/qiniu/x v7.0.8+incompatible h1:P4LASsfwJY7SoZ13dwqBwGhZh7HKU8cdFVCUkmz0gZ8=
github.com/qiniu/x v7.0.8+incompatible/go.mod h1:KpRKWYG/GaidPQVpoQ2Cvuvtts3gYnoo2PftgdmAiU4=
golang.org/x/net v0.0.0-20181220203305-927f97764cc3 h1:eH6Eip3UpmR+yM/qI9Ijluzb1bNv/cAU/n+6l8tRSis=
golang.org/x/net v0.0.0-20181220203305-927f97764cc3/go.mod h1:mL1N/T3taQHkDXs73rZJwtUhF3w3ftmwwsq0BUmARs4=
golang.org/x/tools v0.0.0-20181017214349-06f26fdaaa28/go.mod h1:n7NCudcB/nEzxVGmLbDWY5pfWTLqBcC2KZ6jyYvM4mQ=
qiniupkg.com/x v7.0.8+incompatible h1:Ek0ZVi5IyaWUAFkJbPRiqlh34xDM4uoKw7KqdpankvU=
qiniupkg.com/x v7.0.8+incompatible/go.mod h1:6sLxR5IZ03vMaRAQAY/5MvzofeoBIjO4XE0Njv6V1ms=
